
Microsoft Visual Studio Solution File, Format Version 12.00
# Visual Studio 15
VisualStudioVersion = 15.0.28307.852
MinimumVisualStudioVersion = 10.0.40219.1
Project("{FAE04EC0-301F-11D3-BF4B-00C04F79EFBC}") = "banca", "banca\banca.csproj", "{7154B2D4-34B9-48E2-BB19-799BC17EAD14}"
EndProject
Global
	GlobalSection(SolutionConfigurationPlatforms) = preSolution
		Debug|Any CPU = Debug|Any CPU
		Release|Any CPU = Release|Any CPU
	EndGlobalSection
	GlobalSection(ProjectConfigurationPlatforms) = postSolution
		{7154B2D4-34B9-48E2-BB19-799BC17EAD14}.Debug|Any CPU.ActiveCfg = Debug|Any CPU
		{7154B2D4-34B9-48E2-BB19-799BC17EAD14}.Debug|Any CPU.Build.0 = Debug|Any CPU
		{7154B2D4-34B9-48E2-BB19-799BC17EAD14}.Release|Any CPU.ActiveCfg = Release|Any CPU
		{7154B2D4-34B9-48E2-BB19-799BC17EAD14}.Release|Any CPU.Build.0 = Release|Any CPU
	EndGlobalSection
	GlobalSection(SolutionProperties) = preSolution
		HideSolutionNode = FALSE
	EndGlobalSection
	GlobalSection(ExtensibilityGlobals) = postSolution
		SolutionGuid = {31BEE3FB-AE6B-4B19-8412-A94E647A3D7B}
	EndGlobalSection
EndGlobal
